
Microsoft Visual Studio Solution File, Format Version 12.00
# Visual Studio Version 17
VisualStudioVersion = 17.4.33205.214
MinimumVisualStudioVersion = 10.0.40219.1
Project("{9A19103F-16F7-4668-BE54-9A1E7A4F7556}") = "Project.Common", "Project.Common\Project.Common.csproj", "{D28BC182-2046-4E74-8ECE-B82EFCF384A8}"
EndProject
Project("{9A19103F-16F7-4668-BE54-9A1E7A4F7556}") = "Project.Data", "Project.Data\Project.Data.csproj", "{47F249E0-CF3C-46EE-8A78-320DD5665DC0}"
EndProject
Project("{9A19103F-16F7-4668-BE54-9A1E7A4F7556}") = "Project.IdentityService", "Project.IdentityService\Project.IdentityService.csproj", "{CD1EBDF2-2FF9-47C4-9D4D-6AE3CD27E844}"
EndProject
Project("{2150E333-8FDC-42A3-9474-1A3956D46DE8}") = "Project.Microservice", "Project.Microservice", "{B1ACFE76-A3A3-473C-9363-849D21171704}"
EndProject
Project("{2150E333-8FDC-42A3-9474-1A3956D46DE8}") = "IdentityService", "IdentityService", "{3C2D6F33-3DBD-4875-B701-64EC2EA2528C}"
EndProject
Project("{9A19103F-16F7-4668-BE54-9A1E7A4F7556}") = "Project.Core", "Project.Core\Project.Core.csproj", "{7A726668-A37C-4D2C-BC41-2D991C75A1A0}"
EndProject
Project("{2150E333-8FDC-42A3-9474-1A3956D46DE8}") = "Project.Library", "Project.Library", "{D28D564F-586B-49A8-A713-F87FDBBE11F8}"
EndProject
Project("{2150E333-8FDC-42A3-9474-1A3956D46DE8}") = "ForumService", "ForumService", "{04DF9FE7-4BE4-4097-8607-074DFFD8BA69}"
EndProject
Project("{9A19103F-16F7-4668-BE54-9A1E7A4F7556}") = "Project.ForumService", "Project.ForumService\Project.ForumService.csproj", "{41E3F669-0265-4DD3-B00A-5F4CA348F8C8}"
EndProject
Project("{2150E333-8FDC-42A3-9474-1A3956D46DE8}") = "TestService", "TestService", "{2C09EB80-E917-4BCE-B98E-2EA03D705681}"
EndProject
Project("{9A19103F-16F7-4668-BE54-9A1E7A4F7556}") = "Project.TestService", "Project.TestService\Project.TestService.csproj", "{2A4AEB1C-B09D-4BF6-BE7B-C5D8BAEE92B0}"
EndProject
Project("{2150E333-8FDC-42A3-9474-1A3956D46DE8}") = "Project.APIGateways", "Project.APIGateways", "{EDC51200-06A3-49FE-8F4D-49CE2DA3874F}"
EndProject
Project("{9A19103F-16F7-4668-BE54-9A1E7A4F7556}") = "Project.APIGateways", "Project.APIGateways\Project.APIGateways.csproj", "{9CBED6FE-07D1-4182-94FE-1D8A9E07E2E3}"
EndProject
Project("{E53339B2-1760-4266-BCC7-CA923CBCF16C}") = "docker-compose", "docker-compose.dcproj", "{80A99020-14B8-4079-A704-72284A669137}"
EndProject
Project("{2150E333-8FDC-42A3-9474-1A3956D46DE8}") = "ProfileService", "ProfileService", "{7F92F78F-0749-436C-990E-B51CCB219FB2}"
EndProject
Project("{9A19103F-16F7-4668-BE54-9A1E7A4F7556}") = "Project.ProfileService", "Project.ProfileService\Project.ProfileService.csproj", "{EA777619-E17F-4B1A-A0E6-B0E61977167F}"
EndProject
Project("{2150E333-8FDC-42A3-9474-1A3956D46DE8}") = "NotificationService", "NotificationService", "{CD419FF0-5D14-45EE-831E-37D6BD889EE0}"
EndProject
Project("{9A19103F-16F7-4668-BE54-9A1E7A4F7556}") = "Project.NotificationService", "Project.NotificationService\Project.NotificationService.csproj", "{7F78B0DC-2CB4-4659-AAB0-9F9ED1DB3800}"
EndProject
Project("{2150E333-8FDC-42A3-9474-1A3956D46DE8}") = "ServiceInformationService", "ServiceInformationService", "{9EBE2188-4A75-4132-94F3-1E404B9F2099}"
EndProject
Project("{9A19103F-16F7-4668-BE54-9A1E7A4F7556}") = "Project.ServiceInformationService", "Project.ServiceInformationService\Project.ServiceInformationService.csproj", "{2DDEB9B1-D7E5-43C5-925C-0CA7B7B60DD9}"
EndProject
Project("{2150E333-8FDC-42A3-9474-1A3956D46DE8}") = "CommunicateService", "CommunicateService", "{DFCEF01B-9886-4CFA-B11C-263BDD31139F}"
EndProject
Project("{9A19103F-16F7-4668-BE54-9A1E7A4F7556}") = "Project.CommunicateService", "Project.CommunicateService\Project.CommunicateService.csproj", "{1E40FD38-D2B1-43B3-8FE6-87BBA0BDE270}"
EndProject
Project("{2150E333-8FDC-42A3-9474-1A3956D46DE8}") = "PaymentService", "PaymentService", "{5EBC43E3-62E8-4D4B-914E-22C2BD0FD122}"
EndProject
Project("{9A19103F-16F7-4668-BE54-9A1E7A4F7556}") = "Project.PaymentService", "Project.PaymentService\Project.PaymentService.csproj", "{C13D43CB-3157-416B-B4A1-71DF88028879}"
EndProject
Project("{2150E333-8FDC-42A3-9474-1A3956D46DE8}") = "BlogService", "BlogService", "{FD0C5228-51F4-4AF4-93B6-A3BF43B6D6F4}"
EndProject
Project("{FAE04EC0-301F-11D3-BF4B-00C04F79EFBC}") = "Project.BlogService", "Project.BlogsService\Project.BlogService.csproj", "{34453230-5F3B-4B89-BD4E-8E2B736A1EC3}"
EndProject
Project("{2150E333-8FDC-42A3-9474-1A3956D46DE8}") = "BookingService", "BookingService", "{0E1D2948-3B14-4F15-9E68-86B0CACBE447}"
EndProject
Project("{9A19103F-16F7-4668-BE54-9A1E7A4F7556}") = "Project.BookingService", "Project.BookingService\Project.BookingService.csproj", "{64357443-BC2D-4DF6-A9C1-CF4AEEB461EC}"
EndProject
Global
	GlobalSection(SolutionConfigurationPlatforms) = preSolution
		Debug|Any CPU = Debug|Any CPU
		Release|Any CPU = Release|Any CPU
	EndGlobalSection
	GlobalSection(ProjectConfigurationPlatforms) = postSolution
		{D28BC182-2046-4E74-8ECE-B82EFCF384A8}.Debug|Any CPU.ActiveCfg = Debug|Any CPU
		{D28BC182-2046-4E74-8ECE-B82EFCF384A8}.Debug|Any CPU.Build.0 = Debug|Any CPU
		{D28BC182-2046-4E74-8ECE-B82EFCF384A8}.Release|Any CPU.ActiveCfg = Release|Any CPU
		{D28BC182-2046-4E74-8ECE-B82EFCF384A8}.Release|Any CPU.Build.0 = Release|Any CPU
		{47F249E0-CF3C-46EE-8A78-320DD5665DC0}.Debug|Any CPU.ActiveCfg = Debug|Any CPU
		{47F249E0-CF3C-46EE-8A78-320DD5665DC0}.Debug|Any CPU.Build.0 = Debug|Any CPU
		{47F249E0-CF3C-46EE-8A78-320DD5665DC0}.Release|Any CPU.ActiveCfg = Release|Any CPU
		{47F249E0-CF3C-46EE-8A78-320DD5665DC0}.Release|Any CPU.Build.0 = Release|Any CPU
		{CD1EBDF2-2FF9-47C4-9D4D-6AE3CD27E844}.Debug|Any CPU.ActiveCfg = Debug|Any CPU
		{CD1EBDF2-2FF9-47C4-9D4D-6AE3CD27E844}.Debug|Any CPU.Build.0 = Debug|Any CPU
		{CD1EBDF2-2FF9-47C4-9D4D-6AE3CD27E844}.Release|Any CPU.ActiveCfg = Release|Any CPU
		{CD1EBDF2-2FF9-47C4-9D4D-6AE3CD27E844}.Release|Any CPU.Build.0 = Release|Any CPU
		{7A726668-A37C-4D2C-BC41-2D991C75A1A0}.Debug|Any CPU.ActiveCfg = Debug|Any CPU
		{7A726668-A37C-4D2C-BC41-2D991C75A1A0}.Debug|Any CPU.Build.0 = Debug|Any CPU
		{7A726668-A37C-4D2C-BC41-2D991C75A1A0}.Release|Any CPU.ActiveCfg = Release|Any CPU
		{7A726668-A37C-4D2C-BC41-2D991C75A1A0}.Release|Any CPU.Build.0 = Release|Any CPU
		{41E3F669-0265-4DD3-B00A-5F4CA348F8C8}.Debug|Any CPU.ActiveCfg = Debug|Any CPU
		{41E3F669-0265-4DD3-B00A-5F4CA348F8C8}.Debug|Any CPU.Build.0 = Debug|Any CPU
		{41E3F669-0265-4DD3-B00A-5F4CA348F8C8}.Release|Any CPU.ActiveCfg = Release|Any CPU
		{41E3F669-0265-4DD3-B00A-5F4CA348F8C8}.Release|Any CPU.Build.0 = Release|Any CPU
		{2A4AEB1C-B09D-4BF6-BE7B-C5D8BAEE92B0}.Debug|Any CPU.ActiveCfg = Debug|Any CPU
		{2A4AEB1C-B09D-4BF6-BE7B-C5D8BAEE92B0}.Debug|Any CPU.Build.0 = Debug|Any CPU
		{2A4AEB1C-B09D-4BF6-BE7B-C5D8BAEE92B0}.Release|Any CPU.ActiveCfg = Release|Any CPU
		{2A4AEB1C-B09D-4BF6-BE7B-C5D8BAEE92B0}.Release|Any CPU.Build.0 = Release|Any CPU
		{9CBED6FE-07D1-4182-94FE-1D8A9E07E2E3}.Debug|Any CPU.ActiveCfg = Debug|Any CPU
		{9CBED6FE-07D1-4182-94FE-1D8A9E07E2E3}.Debug|Any CPU.Build.0 = Debug|Any CPU
		{9CBED6FE-07D1-4182-94FE-1D8A9E07E2E3}.Release|Any CPU.ActiveCfg = Release|Any CPU
		{9CBED6FE-07D1-4182-94FE-1D8A9E07E2E3}.Release|Any CPU.Build.0 = Release|Any CPU
		{80A99020-14B8-4079-A704-72284A669137}.Debug|Any CPU.ActiveCfg = Debug|Any CPU
		{80A99020-14B8-4079-A704-72284A669137}.Debug|Any CPU.Build.0 = Debug|Any CPU
		{80A99020-14B8-4079-A704-72284A669137}.Release|Any CPU.ActiveCfg = Release|Any CPU
		{80A99020-14B8-4079-A704-72284A669137}.Release|Any CPU.Build.0 = Release|Any CPU
		{EA777619-E17F-4B1A-A0E6-B0E61977167F}.Debug|Any CPU.ActiveCfg = Debug|Any CPU
		{EA777619-E17F-4B1A-A0E6-B0E61977167F}.Debug|Any CPU.Build.0 = Debug|Any CPU
		{EA777619-E17F-4B1A-A0E6-B0E61977167F}.Release|Any CPU.ActiveCfg = Release|Any CPU
		{EA777619-E17F-4B1A-A0E6-B0E61977167F}.Release|Any CPU.Build.0 = Release|Any CPU
		{7F78B0DC-2CB4-4659-AAB0-9F9ED1DB3800}.Debug|Any CPU.ActiveCfg = Debug|Any CPU
		{7F78B0DC-2CB4-4659-AAB0-9F9ED1DB3800}.Debug|Any CPU.Build.0 = Debug|Any CPU
		{7F78B0DC-2CB4-4659-AAB0-9F9ED1DB3800}.Release|Any CPU.ActiveCfg = Release|Any CPU
		{7F78B0DC-2CB4-4659-AAB0-9F9ED1DB3800}.Release|Any CPU.Build.0 = Release|Any CPU
		{2DDEB9B1-D7E5-43C5-925C-0CA7B7B60DD9}.Debug|Any CPU.ActiveCfg = Debug|Any CPU
		{2DDEB9B1-D7E5-43C5-925C-0CA7B7B60DD9}.Debug|Any CPU.Build.0 = Debug|Any CPU
		{2DDEB9B1-D7E5-43C5-925C-0CA7B7B60DD9}.Release|Any CPU.ActiveCfg = Release|Any CPU
		{2DDEB9B1-D7E5-43C5-925C-0CA7B7B60DD9}.Release|Any CPU.Build.0 = Release|Any CPU
		{1E40FD38-D2B1-43B3-8FE6-87BBA0BDE270}.Debug|Any CPU.ActiveCfg = Debug|Any CPU
		{1E40FD38-D2B1-43B3-8FE6-87BBA0BDE270}.Debug|Any CPU.Build.0 = Debug|Any CPU
		{1E40FD38-D2B1-43B3-8FE6-87BBA0BDE270}.Release|Any CPU.ActiveCfg = Release|Any CPU
		{1E40FD38-D2B1-43B3-8FE6-87BBA0BDE270}.Release|Any CPU.Build.0 = Release|Any CPU
		{C13D43CB-3157-416B-B4A1-71DF88028879}.Debug|Any CPU.ActiveCfg = Debug|Any CPU
		{C13D43CB-3157-416B-B4A1-71DF88028879}.Debug|Any CPU.Build.0 = Debug|Any CPU
		{C13D43CB-3157-416B-B4A1-71DF88028879}.Release|Any CPU.ActiveCfg = Release|Any CPU
		{C13D43CB-3157-416B-B4A1-71DF88028879}.Release|Any CPU.Build.0 = Release|Any CPU
		{34453230-5F3B-4B89-BD4E-8E2B736A1EC3}.Debug|Any CPU.ActiveCfg = Debug|Any CPU
		{34453230-5F3B-4B89-BD4E-8E2B736A1EC3}.Debug|Any CPU.Build.0 = Debug|Any CPU
		{34453230-5F3B-4B89-BD4E-8E2B736A1EC3}.Release|Any CPU.ActiveCfg = Release|Any CPU
		{34453230-5F3B-4B89-BD4E-8E2B736A1EC3}.Release|Any CPU.Build.0 = Release|Any CPU
		{64357443-BC2D-4DF6-A9C1-CF4AEEB461EC}.Debug|Any CPU.ActiveCfg = Debug|Any CPU
		{64357443-BC2D-4DF6-A9C1-CF4AEEB461EC}.Debug|Any CPU.Build.0 = Debug|Any CPU
		{64357443-BC2D-4DF6-A9C1-CF4AEEB461EC}.Release|Any CPU.ActiveCfg = Release|Any CPU
		{64357443-BC2D-4DF6-A9C1-CF4AEEB461EC}.Release|Any CPU.Build.0 = Release|Any CPU
	EndGlobalSection
	GlobalSection(SolutionProperties) = preSolution
		HideSolutionNode = FALSE
	EndGlobalSection
	GlobalSection(NestedProjects) = preSolution
		{D28BC182-2046-4E74-8ECE-B82EFCF384A8} = {D28D564F-586B-49A8-A713-F87FDBBE11F8}
		{47F249E0-CF3C-46EE-8A78-320DD5665DC0} = {D28D564F-586B-49A8-A713-F87FDBBE11F8}
		{CD1EBDF2-2FF9-47C4-9D4D-6AE3CD27E844} = {3C2D6F33-3DBD-4875-B701-64EC2EA2528C}
		{3C2D6F33-3DBD-4875-B701-64EC2EA2528C} = {B1ACFE76-A3A3-473C-9363-849D21171704}
		{7A726668-A37C-4D2C-BC41-2D991C75A1A0} = {D28D564F-586B-49A8-A713-F87FDBBE11F8}
		{04DF9FE7-4BE4-4097-8607-074DFFD8BA69} = {B1ACFE76-A3A3-473C-9363-849D21171704}
		{41E3F669-0265-4DD3-B00A-5F4CA348F8C8} = {04DF9FE7-4BE4-4097-8607-074DFFD8BA69}
		{2C09EB80-E917-4BCE-B98E-2EA03D705681} = {B1ACFE76-A3A3-473C-9363-849D21171704}
		{2A4AEB1C-B09D-4BF6-BE7B-C5D8BAEE92B0} = {2C09EB80-E917-4BCE-B98E-2EA03D705681}
		{9CBED6FE-07D1-4182-94FE-1D8A9E07E2E3} = {EDC51200-06A3-49FE-8F4D-49CE2DA3874F}
		{7F92F78F-0749-436C-990E-B51CCB219FB2} = {B1ACFE76-A3A3-473C-9363-849D21171704}
		{EA777619-E17F-4B1A-A0E6-B0E61977167F} = {7F92F78F-0749-436C-990E-B51CCB219FB2}
		{CD419FF0-5D14-45EE-831E-37D6BD889EE0} = {B1ACFE76-A3A3-473C-9363-849D21171704}
		{7F78B0DC-2CB4-4659-AAB0-9F9ED1DB3800} = {CD419FF0-5D14-45EE-831E-37D6BD889EE0}
		{9EBE2188-4A75-4132-94F3-1E404B9F2099} = {B1ACFE76-A3A3-473C-9363-849D21171704}
		{2DDEB9B1-D7E5-43C5-925C-0CA7B7B60DD9} = {9EBE2188-4A75-4132-94F3-1E404B9F2099}
		{DFCEF01B-9886-4CFA-B11C-263BDD31139F} = {B1ACFE76-A3A3-473C-9363-849D21171704}
		{1E40FD38-D2B1-43B3-8FE6-87BBA0BDE270} = {DFCEF01B-9886-4CFA-B11C-263BDD31139F}
		{5EBC43E3-62E8-4D4B-914E-22C2BD0FD122} = {B1ACFE76-A3A3-473C-9363-849D21171704}
		{C13D43CB-3157-416B-B4A1-71DF88028879} = {5EBC43E3-62E8-4D4B-914E-22C2BD0FD122}
		{FD0C5228-51F4-4AF4-93B6-A3BF43B6D6F4} = {B1ACFE76-A3A3-473C-9363-849D21171704}
		{34453230-5F3B-4B89-BD4E-8E2B736A1EC3} = {FD0C5228-51F4-4AF4-93B6-A3BF43B6D6F4}
		{0E1D2948-3B14-4F15-9E68-86B0CACBE447} = {B1ACFE76-A3A3-473C-9363-849D21171704}
		{64357443-BC2D-4DF6-A9C1-CF4AEEB461EC} = {0E1D2948-3B14-4F15-9E68-86B0CACBE447}
	EndGlobalSection
	GlobalSection(ExtensibilityGlobals) = postSolution
		SolutionGuid = {70D9B0AA-66AE-41B3-A472-F7B485577F59}
	EndGlobalSection
EndGlobal
